
Microsoft Visual Studio Solution File, Format Version 12.00
# Visual Studio Version 17
VisualStudioVersion = 17.7.34202.233
MinimumVisualStudioVersion = 10.0.40219.1
Project("{FAE04EC0-301F-11D3-BF4B-00C04F79EFBC}") = "ConsignmentShopUI", "ConsignmentShopUI\ConsignmentShopUI.csproj", "{D8E460D6-A6DA-46E0-88D6-5A7BB7B40280}"
EndProject
Project("{FAE04EC0-301F-11D3-BF4B-00C04F79EFBC}") = "ConsignmentShopLibrary", "ConsignmentShopLibrary\ConsignmentShopLibrary.csproj", "{C3A93380-3F8C-4BEF-BCAB-9C3FCF57B9F1}"
EndProject
Global
	GlobalSection(SolutionConfigurationPlatforms) = preSolution
		Debug|Any CPU = Debug|Any CPU
		Release|Any CPU = Release|Any CPU
	EndGlobalSection
	GlobalSection(ProjectConfigurationPlatforms) = postSolution
		{D8E460D6-A6DA-46E0-88D6-5A7BB7B40280}.Debug|Any CPU.ActiveCfg = Debug|Any CPU
		{D8E460D6-A6DA-46E0-88D6-5A7BB7B40280}.Debug|Any CPU.Build.0 = Debug|Any CPU
		{D8E460D6-A6DA-46E0-88D6-5A7BB7B40280}.Release|Any CPU.ActiveCfg = Release|Any CPU
		{D8E460D6-A6DA-46E0-88D6-5A7BB7B40280}.Release|Any CPU.Build.0 = Release|Any CPU
		{C3A93380-3F8C-4BEF-BCAB-9C3FCF57B9F1}.Debug|Any CPU.ActiveCfg = Debug|Any CPU
		{C3A93380-3F8C-4BEF-BCAB-9C3FCF57B9F1}.Debug|Any CPU.Build.0 = Debug|Any CPU
		{C3A93380-3F8C-4BEF-BCAB-9C3FCF57B9F1}.Release|Any CPU.ActiveCfg = Release|Any CPU
		{C3A93380-3F8C-4BEF-BCAB-9C3FCF57B9F1}.Release|Any CPU.Build.0 = Release|Any CPU
	EndGlobalSection
	GlobalSection(SolutionProperties) = preSolution
		HideSolutionNode = FALSE
	EndGlobalSection
	GlobalSection(ExtensibilityGlobals) = postSolution
		SolutionGuid = {88AA2083-217E-4E2E-A073-5EE00C764A33}
	EndGlobalSection
EndGlobal
